
Microsoft Visual Studio Solution File, Format Version 12.00
# Visual Studio Version 16
VisualStudioVersion = 16.0.30309.148
MinimumVisualStudioVersion = 10.0.40219.1
Project("{FAE04EC0-301F-11D3-BF4B-00C04F79EFBC}") = "PrismBotV2", "PrismBotV2\PrismBotV2.csproj", "{06EACABD-C5FA-4AFE-9902-0407E301B78B}"
EndProject
Project("{2150E333-8FDC-42A3-9474-1A3956D46DE8}") = "Modules", "Modules", "{6A62F723-32EB-4309-B33C-9120D681298E}"
EndProject
Project("{FAE04EC0-301F-11D3-BF4B-00C04F79EFBC}") = "PrismBotV2.Core", "PrismBotV2.Core\PrismBotV2.Core.csproj", "{9C1E5054-3850-41E9-B655-C95C72B79A1B}"
EndProject
Project("{FAE04EC0-301F-11D3-BF4B-00C04F79EFBC}") = "PrismBotV2.Modules.Info", "Modules\PrismBotV2.Modules.Info\PrismBotV2.Modules.Info.csproj", "{D728C9B9-9C65-445B-8DCC-106F4FD2D847}"
EndProject
Project("{FAE04EC0-301F-11D3-BF4B-00C04F79EFBC}") = "PrismBotV2.Modules.Bots", "Modules\PrismBotV2.Modules.Bots\PrismBotV2.Modules.Bots.csproj", "{EBA01227-65DB-45EA-8894-D959F7C2702C}"
EndProject
Project("{FAE04EC0-301F-11D3-BF4B-00C04F79EFBC}") = "PrismBotV2.Modules.Utilities", "Modules\PrismBotV2.Modules.Utilities\PrismBotV2.Modules.Utilities.csproj", "{6BFD388C-AE23-4BD7-8098-EB7179442480}"
EndProject
Project("{FAE04EC0-301F-11D3-BF4B-00C04F79EFBC}") = "PrismBotV2.Services", "PrismBotV2.Services\PrismBotV2.Services.csproj", "{51B30915-8A4B-4933-B606-AD9ADE1D43A6}"
EndProject
Project("{FAE04EC0-301F-11D3-BF4B-00C04F79EFBC}") = "PrismBotV2.Services.Interfaces", "PrismBotV2.Services.Interfaces\PrismBotV2.Services.Interfaces.csproj", "{21631FFD-8E24-49D2-B66C-BF9493EE5468}"
EndProject
Global
	GlobalSection(SolutionConfigurationPlatforms) = preSolution
		Debug|Any CPU = Debug|Any CPU
		Release|Any CPU = Release|Any CPU
	EndGlobalSection
	GlobalSection(ProjectConfigurationPlatforms) = postSolution
		{06EACABD-C5FA-4AFE-9902-0407E301B78B}.Debug|Any CPU.ActiveCfg = Debug|Any CPU
		{06EACABD-C5FA-4AFE-9902-0407E301B78B}.Debug|Any CPU.Build.0 = Debug|Any CPU
		{06EACABD-C5FA-4AFE-9902-0407E301B78B}.Release|Any CPU.ActiveCfg = Release|Any CPU
		{06EACABD-C5FA-4AFE-9902-0407E301B78B}.Release|Any CPU.Build.0 = Release|Any CPU
		{9C1E5054-3850-41E9-B655-C95C72B79A1B}.Debug|Any CPU.ActiveCfg = Debug|Any CPU
		{9C1E5054-3850-41E9-B655-C95C72B79A1B}.Debug|Any CPU.Build.0 = Debug|Any CPU
		{9C1E5054-3850-41E9-B655-C95C72B79A1B}.Release|Any CPU.ActiveCfg = Release|Any CPU
		{9C1E5054-3850-41E9-B655-C95C72B79A1B}.Release|Any CPU.Build.0 = Release|Any CPU
		{D728C9B9-9C65-445B-8DCC-106F4FD2D847}.Debug|Any CPU.ActiveCfg = Debug|Any CPU
		{D728C9B9-9C65-445B-8DCC-106F4FD2D847}.Debug|Any CPU.Build.0 = Debug|Any CPU
		{D728C9B9-9C65-445B-8DCC-106F4FD2D847}.Release|Any CPU.ActiveCfg = Release|Any CPU
		{D728C9B9-9C65-445B-8DCC-106F4FD2D847}.Release|Any CPU.Build.0 = Release|Any CPU
		{EBA01227-65DB-45EA-8894-D959F7C2702C}.Debug|Any CPU.ActiveCfg = Debug|Any CPU
		{EBA01227-65DB-45EA-8894-D959F7C2702C}.Debug|Any CPU.Build.0 = Debug|Any CPU
		{EBA01227-65DB-45EA-8894-D959F7C2702C}.Release|Any CPU.ActiveCfg = Release|Any CPU
		{EBA01227-65DB-45EA-8894-D959F7C2702C}.Release|Any CPU.Build.0 = Release|Any CPU
		{6BFD388C-AE23-4BD7-8098-EB7179442480}.Debug|Any CPU.ActiveCfg = Debug|Any CPU
		{6BFD388C-AE23-4BD7-8098-EB7179442480}.Debug|Any CPU.Build.0 = Debug|Any CPU
		{6BFD388C-AE23-4BD7-8098-EB7179442480}.Release|Any CPU.ActiveCfg = Release|Any CPU
		{6BFD388C-AE23-4BD7-8098-EB7179442480}.Release|Any CPU.Build.0 = Release|Any CPU
		{51B30915-8A4B-4933-B606-AD9ADE1D43A6}.Debug|Any CPU.ActiveCfg = Debug|Any CPU
		{51B30915-8A4B-4933-B606-AD9ADE1D43A6}.Debug|Any CPU.Build.0 = Debug|Any CPU
		{51B30915-8A4B-4933-B606-AD9ADE1D43A6}.Release|Any CPU.ActiveCfg = Release|Any CPU
		{51B30915-8A4B-4933-B606-AD9ADE1D43A6}.Release|Any CPU.Build.0 = Release|Any CPU
		{21631FFD-8E24-49D2-B66C-BF9493EE5468}.Debug|Any CPU.ActiveCfg = Debug|Any CPU
		{21631FFD-8E24-49D2-B66C-BF9493EE5468}.Debug|Any CPU.Build.0 = Debug|Any CPU
		{21631FFD-8E24-49D2-B66C-BF9493EE5468}.Release|Any CPU.ActiveCfg = Release|Any CPU
		{21631FFD-8E24-49D2-B66C-BF9493EE5468}.Release|Any CPU.Build.0 = Release|Any CPU
	EndGlobalSection
	GlobalSection(SolutionProperties) = preSolution
		HideSolutionNode = FALSE
	EndGlobalSection
	GlobalSection(NestedProjects) = preSolution
		{D728C9B9-9C65-445B-8DCC-106F4FD2D847} = {6A62F723-32EB-4309-B33C-9120D681298E}
		{EBA01227-65DB-45EA-8894-D959F7C2702C} = {6A62F723-32EB-4309-B33C-9120D681298E}
		{6BFD388C-AE23-4BD7-8098-EB7179442480} = {6A62F723-32EB-4309-B33C-9120D681298E}
	EndGlobalSection
	GlobalSection(ExtensibilityGlobals) = postSolution
		SolutionGuid = {5B7134F1-2931-4640-9BBA-490E40A92104}
	EndGlobalSection
EndGlobal
